
Microsoft Visual Studio Solution File, Format Version 12.00
# Visual Studio Version 16
VisualStudioVersion = 16.0.30309.148
MinimumVisualStudioVersion = 10.0.40219.1
Project("{FAE04EC0-301F-11D3-BF4B-00C04F79EFBC}") = "Part 3a HandIn", "Part 3a HandIn.csproj", "{07C2C0F9-9601-482C-8E2E-CA07FD9F891D}"
EndProject
Global
	GlobalSection(SolutionConfigurationPlatforms) = preSolution
		Debug|Any CPU = Debug|Any CPU
		Release|Any CPU = Release|Any CPU
	EndGlobalSection
	GlobalSection(ProjectConfigurationPlatforms) = postSolution
		{07C2C0F9-9601-482C-8E2E-CA07FD9F891D}.Debug|Any CPU.ActiveCfg = Debug|Any CPU
		{07C2C0F9-9601-482C-8E2E-CA07FD9F891D}.Debug|Any CPU.Build.0 = Debug|Any CPU
		{07C2C0F9-9601-482C-8E2E-CA07FD9F891D}.Release|Any CPU.ActiveCfg = Release|Any CPU
		{07C2C0F9-9601-482C-8E2E-CA07FD9F891D}.Release|Any CPU.Build.0 = Release|Any CPU
	EndGlobalSection
	GlobalSection(SolutionProperties) = preSolution
		HideSolutionNode = FALSE
	EndGlobalSection
	GlobalSection(ExtensibilityGlobals) = postSolution
		SolutionGuid = {5D3EB64D-167F-429F-934D-D223A441E19C}
	EndGlobalSection
EndGlobal
